
Microsoft Visual Studio Solution File, Format Version 12.00
# Visual Studio Version 17
VisualStudioVersion = 17.3.32804.467
MinimumVisualStudioVersion = 10.0.40219.1
Project("{FAE04EC0-301F-11D3-BF4B-00C04F79EFBC}") = "CompareCSV", "CompareCSV\CompareCSV.csproj", "{BB5D811F-B501-4435-92CF-8D653AB4C768}"
EndProject
Global
	GlobalSection(SolutionConfigurationPlatforms) = preSolution
		Debug|Any CPU = Debug|Any CPU
		Release|Any CPU = Release|Any CPU
	EndGlobalSection
	GlobalSection(ProjectConfigurationPlatforms) = postSolution
		{BB5D811F-B501-4435-92CF-8D653AB4C768}.Debug|Any CPU.ActiveCfg = Debug|Any CPU
		{BB5D811F-B501-4435-92CF-8D653AB4C768}.Debug|Any CPU.Build.0 = Debug|Any CPU
		{BB5D811F-B501-4435-92CF-8D653AB4C768}.Release|Any CPU.ActiveCfg = Release|Any CPU
		{BB5D811F-B501-4435-92CF-8D653AB4C768}.Release|Any CPU.Build.0 = Release|Any CPU
	EndGlobalSection
	GlobalSection(SolutionProperties) = preSolution
		HideSolutionNode = FALSE
	EndGlobalSection
	GlobalSection(ExtensibilityGlobals) = postSolution
		SolutionGuid = {1FA87AE8-BA24-4F3D-97BB-3E4BADCED384}
	EndGlobalSection
EndGlobal
